PODS:
  - Alamofire (5.6.2)
  - IQKeyboardManagerSwift (6.5.10)
  - NMapsMap (3.10.0)
  - Realm (10.29.0):
    - Realm/Headers (= 10.29.0)
  - Realm/Headers (10.29.0)
  - RealmSwift (10.29.0):
    - Realm (= 10.29.0)

DEPENDENCIES:
  - Alamofire (~> 5.5)
  - IQKeyboardManagerSwift
  - NMapsMap (= 3.10.0)
  - RealmSwift

SPEC REPOS:
  trunk:
    - Alamofire
    - IQKeyboardManagerSwift
    - NMapsMap
    - Realm
    - RealmSwift

SPEC CHECKSUMS:
  Alamofire: d368e1ff8a298e6dde360e35a3e68e6c610e7204
  IQKeyboardManagerSwift: 52962c76ab33532f15ad9f3ff4e5715eda5335bb
  NMapsMap: 17caab4af9a3fc5c25b79858de18bdeab1eaff87
  Realm: 5596770daeff1ad76c8eb10d5947dc10472da779
  RealmSwift: 35d8d318b7e5a8dbc7096c2a243184e4d19abcc0

PODFILE CHECKSUM: 60fae11329fc02ab24da634266fd72960152ac1e

COCOAPODS: 1.11.3
