// !$*UTF8*$!
{
	archiveVersion = 1;
	classes = {
	};
	objectVersion = 55;
	objects = {

/* Begin PBXBuildFile section */
		BEFF40F5289BB1A500E300EB /* AppDelegate.swift in Sources */ = {isa = PBXBuildFile; fileRef = BEFF40F4289BB1A500E300EB /* AppDelegate.swift */; };
		BEFF40F7289BB1A500E300EB /* SceneDelegate.swift in Sources */ = {isa = PBXBuildFile; fileRef = BEFF40F6289BB1A500E300EB /* SceneDelegate.swift */; };
		BEFF40FC289BB1A500E300EB /* Main.storyboard in Resources */ = {isa = PBXBuildFile; fileRef = BEFF40FA289BB1A500E300EB /* Main.storyboard */; };
		BEFF40FE289BB1A600E300EB /* Assets.xcassets in Resources */ = {isa = PBXBuildFile; fileRef = BEFF40FD289BB1A600E300EB /* Assets.xcassets */; };
		BEFF4101289BB1A600E300EB /* LaunchScreen.storyboard in Resources */ = {isa = PBXBuildFile; fileRef = BEFF40FF289BB1A600E300EB /* LaunchScreen.storyboard */; };
		BEFF4109289BB2CB00E300EB /* SignInViewController.swift in Sources */ = {isa = PBXBuildFile; fileRef = BEFF4108289BB2CB00E300EB /* SignInViewController.swift */; };
		BEFF410B289BB3A800E300EB /* LogInViewController.swift in Sources */ = {isa = PBXBuildFile; fileRef = BEFF410A289BB3A800E300EB /* LogInViewController.swift */; };
		BEFF410D289BB3DC00E300EB /* StartingViewController.swift in Sources */ = {isa = PBXBuildFile; fileRef = BEFF410C289BB3DC00E300EB /* StartingViewController.swift */; };
		BEFF410F289BB4A700E300EB /* MapStoryboard.storyboard in Resources */ = {isa = PBXBuildFile; fileRef = BEFF410E289BB4A700E300EB /* MapStoryboard.storyboard */; };
		BEFF4113289BB51100E300EB /* MapViewController.swift in Sources */ = {isa = PBXBuildFile; fileRef = BEFF4112289BB51100E300EB /* MapViewController.swift */; };
		BEFF4115289BC41E00E300EB /* BakeryListViewController.swift in Sources */ = {isa = PBXBuildFile; fileRef = BEFF4114289BC41E00E300EB /* BakeryListViewController.swift */; };
		BEFF4117289BC43A00E300EB /* BakeryListStoryboard.storyboard in Resources */ = {isa = PBXBuildFile; fileRef = BEFF4116289BC43A00E300EB /* BakeryListStoryboard.storyboard */; };
		BEFF411A289BC49800E300EB /* BakeryTableViewCell.swift in Sources */ = {isa = PBXBuildFile; fileRef = BEFF4118289BC49800E300EB /* BakeryTableViewCell.swift */; };
		BEFF411B289BC49800E300EB /* BakeryTableViewCell.xib in Resources */ = {isa = PBXBuildFile; fileRef = BEFF4119289BC49800E300EB /* BakeryTableViewCell.xib */; };
		BEFF411D289BC59200E300EB /* BakeryInfoViewController.swift in Sources */ = {isa = PBXBuildFile; fileRef = BEFF411C289BC59200E300EB /* BakeryInfoViewController.swift */; };
		BEFF4120289BC5BE00E300EB /* BakerInfo.storyboard in Resources */ = {isa = PBXBuildFile; fileRef = BEFF411F289BC5BE00E300EB /* BakerInfo.storyboard */; };
		BEFF4125289BC66600E300EB /* BakeryInfoMaster.storyboard in Resources */ = {isa = PBXBuildFile; fileRef = BEFF4124289BC66600E300EB /* BakeryInfoMaster.storyboard */; };
		BEFF4127289BC98000E300EB /* BakeryInfoMasterViewController.swift in Sources */ = {isa = PBXBuildFile; fileRef = BEFF4126289BC98000E300EB /* BakeryInfoMasterViewController.swift */; };
		BEFF412D289BC9D000E300EB /* MasterEditViewController.swift in Sources */ = {isa = PBXBuildFile; fileRef = BEFF412C289BC9D000E300EB /* MasterEditViewController.swift */; };
		BEFF412F289BC9DA00E300EB /* MasterEdit.storyboard in Resources */ = {isa = PBXBuildFile; fileRef = BEFF412E289BC9DA00E300EB /* MasterEdit.storyboard */; };
		BEFF4131289BCA0100E300EB /* MasterAddViewController.swift in Sources */ = {isa = PBXBuildFile; fileRef = BEFF4130289BCA0100E300EB /* MasterAddViewController.swift */; };
		BEFF4133289BCA0700E300EB /* MasterAdd.storyboard in Resources */ = {isa = PBXBuildFile; fileRef = BEFF4132289BCA0700E300EB /* MasterAdd.storyboard */; };
/* End PBXBuildFile section */

/* Begin PBXFileReference section */
		BEFF40F1289BB1A500E300EB /* BBANG0_IOS_Study.app */ = {isa = PBXFileReference; explicitFileType = wrapper.application; includeInIndex = 0; path = BBANG0_IOS_Study.app; sourceTree = BUILT_PRODUCTS_DIR; };
		BEFF40F4289BB1A500E300EB /* AppDelegate.swift */ = {isa = PBXFileReference; lastKnownFileType = sourcecode.swift; path = AppDelegate.swift; sourceTree = "<group>"; };
		BEFF40F6289BB1A500E300EB /* SceneDelegate.swift */ = {isa = PBXFileReference; lastKnownFileType = sourcecode.swift; path = SceneDelegate.swift; sourceTree = "<group>"; };
		BEFF40FB289BB1A500E300EB /* Base */ = {isa = PBXFileReference; lastKnownFileType = file.storyboard; name = Base; path = Base.lproj/Main.storyboard; sourceTree = "<group>"; };
		BEFF40FD289BB1A600E300EB /* Assets.xcassets */ = {isa = PBXFileReference; lastKnownFileType = folder.assetcatalog; path = Assets.xcassets; sourceTree = "<group>"; };
		BEFF4100289BB1A600E300EB /* Base */ = {isa = PBXFileReference; lastKnownFileType = file.storyboard; name = Base; path = Base.lproj/LaunchScreen.storyboard; sourceTree = "<group>"; };
		BEFF4102289BB1A600E300EB /* Info.plist */ = {isa = PBXFileReference; lastKnownFileType = text.plist.xml; path = Info.plist; sourceTree = "<group>"; };
		BEFF4108289BB2CB00E300EB /* SignInViewController.swift */ = {isa = PBXFileReference; lastKnownFileType = sourcecode.swift; path = SignInViewController.swift; sourceTree = "<group>"; };
		BEFF410A289BB3A800E300EB /* LogInViewController.swift */ = {isa = PBXFileReference; lastKnownFileType = sourcecode.swift; path = LogInViewController.swift; sourceTree = "<group>"; };
		BEFF410C289BB3DC00E300EB /* StartingViewController.swift */ = {isa = PBXFileReference; lastKnownFileType = sourcecode.swift; path = StartingViewController.swift; sourceTree = "<group>"; };
		BEFF410E289BB4A700E300EB /* MapStoryboard.storyboard */ = {isa = PBXFileReference; lastKnownFileType = file.storyboard; path = MapStoryboard.storyboard; sourceTree = "<group>"; };
		BEFF4112289BB51100E300EB /* MapViewController.swift */ = {isa = PBXFileReference; lastKnownFileType = sourcecode.swift; path = MapViewController.swift; sourceTree = "<group>"; };
		BEFF4114289BC41E00E300EB /* BakeryListViewController.swift */ = {isa = PBXFileReference; lastKnownFileType = sourcecode.swift; path = BakeryListViewController.swift; sourceTree = "<group>"; };
		BEFF4116289BC43A00E300EB /* BakeryListStoryboard.storyboard */ = {isa = PBXFileReference; lastKnownFileType = file.storyboard; path = BakeryListStoryboard.storyboard; sourceTree = "<group>"; };
		BEFF4118289BC49800E300EB /* BakeryTableViewCell.swift */ = {isa = PBXFileReference; lastKnownFileType = sourcecode.swift; path = BakeryTableViewCell.swift; sourceTree = "<group>"; };
		BEFF4119289BC49800E300EB /* BakeryTableViewCell.xib */ = {isa = PBXFileReference; lastKnownFileType = file.xib; path = BakeryTableViewCell.xib; sourceTree = "<group>"; };
		BEFF411C289BC59200E300EB /* BakeryInfoViewController.swift */ = {isa = PBXFileReference; lastKnownFileType = sourcecode.swift; path = BakeryInfoViewController.swift; sourceTree = "<group>"; };
		BEFF411F289BC5BE00E300EB /* BakerInfo.storyboard */ = {isa = PBXFileReference; lastKnownFileType = file.storyboard; path = BakerInfo.storyboard; sourceTree = "<group>"; };
		BEFF4124289BC66600E300EB /* BakeryInfoMaster.storyboard */ = {isa = PBXFileReference; lastKnownFileType = file.storyboard; path = BakeryInfoMaster.storyboard; sourceTree = "<group>"; };
		BEFF4126289BC98000E300EB /* BakeryInfoMasterViewController.swift */ = {isa = PBXFileReference; lastKnownFileType = sourcecode.swift; path = BakeryInfoMasterViewController.swift; sourceTree = "<group>"; };
		BEFF412C289BC9D000E300EB /* MasterEditViewController.swift */ = {isa = PBXFileReference; lastKnownFileType = sourcecode.swift; path = MasterEditViewController.swift; sourceTree = "<group>"; };
		BEFF412E289BC9DA00E300EB /* MasterEdit.storyboard */ = {isa = PBXFileReference; lastKnownFileType = file.storyboard; path = MasterEdit.storyboard; sourceTree = "<group>"; };
		BEFF4130289BCA0100E300EB /* MasterAddViewController.swift */ = {isa = PBXFileReference; lastKnownFileType = sourcecode.swift; path = MasterAddViewController.swift; sourceTree = "<group>"; };
		BEFF4132289BCA0700E300EB /* MasterAdd.storyboard */ = {isa = PBXFileReference; lastKnownFileType = file.storyboard; path = MasterAdd.storyboard; sourceTree = "<group>"; };
/* End PBXFileReference section */

/* Begin PBXFrameworksBuildPhase section */
		BEFF40EE289BB1A500E300EB /* Frameworks */ = {
			isa = PBXFrameworksBuildPhase;
			buildActionMask = 2147483647;
			files = (
			);
			runOnlyForDeploymentPostprocessing = 0;
		};
/* End PBXFrameworksBuildPhase section */

/* Begin PBXGroup section */
		BEFF40E8289BB1A500E300EB = {
			isa = PBXGroup;
			children = (
				BEFF40F3289BB1A500E300EB /* BBANG0_IOS_Study */,
				BEFF40F2289BB1A500E300EB /* Products */,
			);
			sourceTree = "<group>";
		};
		BEFF40F2289BB1A500E300EB /* Products */ = {
			isa = PBXGroup;
			children = (
				BEFF40F1289BB1A500E300EB /* BBANG0_IOS_Study.app */,
			);
			name = Products;
			sourceTree = "<group>";
		};
		BEFF40F3289BB1A500E300EB /* BBANG0_IOS_Study */ = {
			isa = PBXGroup;
			children = (
				BEFF40F4289BB1A500E300EB /* AppDelegate.swift */,
				BEFF40F6289BB1A500E300EB /* SceneDelegate.swift */,
				BEFF4134289BCB4300E300EB /* Register&Sign */,
				BEFF4111289BB4D300E300EB /* Map */,
				BEFF411E289BC59C00E300EB /* BakeryInfo */,
				BEFF4121289BC64400E300EB /* Master */,
				BEFF40FD289BB1A600E300EB /* Assets.xcassets */,
				BEFF40FF289BB1A600E300EB /* LaunchScreen.storyboard */,
				BEFF4102289BB1A600E300EB /* Info.plist */,
			);
			path = BBANG0_IOS_Study;
			sourceTree = "<group>";
		};
		BEFF4111289BB4D300E300EB /* Map */ = {
			isa = PBXGroup;
			children = (
				BEFF410E289BB4A700E300EB /* MapStoryboard.storyboard */,
				BEFF4114289BC41E00E300EB /* BakeryListViewController.swift */,
				BEFF4116289BC43A00E300EB /* BakeryListStoryboard.storyboard */,
				BEFF4112289BB51100E300EB /* MapViewController.swift */,
				BEFF4119289BC49800E300EB /* BakeryTableViewCell.xib */,
				BEFF4118289BC49800E300EB /* BakeryTableViewCell.swift */,
			);
			path = Map;
			sourceTree = "<group>";
		};
		BEFF411E289BC59C00E300EB /* BakeryInfo */ = {
			isa = PBXGroup;
			children = (
				BEFF411C289BC59200E300EB /* BakeryInfoViewController.swift */,
				BEFF411F289BC5BE00E300EB /* BakerInfo.storyboard */,
			);
			path = BakeryInfo;
			sourceTree = "<group>";
		};
		BEFF4121289BC64400E300EB /* Master */ = {
			isa = PBXGroup;
			children = (
				BEFF4124289BC66600E300EB /* BakeryInfoMaster.storyboard */,
				BEFF4126289BC98000E300EB /* BakeryInfoMasterViewController.swift */,
				BEFF412E289BC9DA00E300EB /* MasterEdit.storyboard */,
				BEFF412C289BC9D000E300EB /* MasterEditViewController.swift */,
				BEFF4132289BCA0700E300EB /* MasterAdd.storyboard */,
				BEFF4130289BCA0100E300EB /* MasterAddViewController.swift */,
			);
			path = Master;
			sourceTree = "<group>";
		};
		BEFF4134289BCB4300E300EB /* Register&Sign */ = {
			isa = PBXGroup;
			children = (
				BEFF40FA289BB1A500E300EB /* Main.storyboard */,
				BEFF410C289BB3DC00E300EB /* StartingViewController.swift */,
				BEFF410A289BB3A800E300EB /* LogInViewController.swift */,
				BEFF4108289BB2CB00E300EB /* SignInViewController.swift */,
			);
			path = "Register&Sign";
			sourceTree = "<group>";
		};
/* End PBXGroup section */

/* Begin PBXNativeTarget section */
		BEFF40F0289BB1A500E300EB /* BBANG0_IOS_Study */ = {
			isa = PBXNativeTarget;
			buildConfigurationList = BEFF4105289BB1A600E300EB /* Build configuration list for PBXNativeTarget "BBANG0_IOS_Study" */;
			buildPhases = (
				BEFF40ED289BB1A500E300EB /* Sources */,
				BEFF40EE289BB1A500E300EB /* Frameworks */,
				BEFF40EF289BB1A500E300EB /* Resources */,
			);
			buildRules = (
			);
			dependencies = (
			);
			name = BBANG0_IOS_Study;
			productName = BBANG0_IOS_Study;
			productReference = BEFF40F1289BB1A500E300EB /* BBANG0_IOS_Study.app */;
			productType = "com.apple.product-type.application";
		};
/* End PBXNativeTarget section */

/* Begin PBXProject section */
		BEFF40E9289BB1A500E300EB /* Project object */ = {
			isa = PBXProject;
			attributes = {
				BuildIndependentTargetsInParallel = 1;
				LastSwiftUpdateCheck = 1340;
				LastUpgradeCheck = 1340;
				TargetAttributes = {
					BEFF40F0289BB1A500E300EB = {
						CreatedOnToolsVersion = 13.4.1;
					};
				};
			};
			buildConfigurationList = BEFF40EC289BB1A500E300EB /* Build configuration list for PBXProject "BBANG0_IOS_Study" */;
			compatibilityVersion = "Xcode 13.0";
			developmentRegion = en;
			hasScannedForEncodings = 0;
			knownRegions = (
				en,
				Base,
			);
			mainGroup = BEFF40E8289BB1A500E300EB;
			productRefGroup = BEFF40F2289BB1A500E300EB /* Products */;
			projectDirPath = "";
			projectRoot = "";
			targets = (
				BEFF40F0289BB1A500E300EB /* BBANG0_IOS_Study */,
			);
		};
/* End PBXProject section */

/* Begin PBXResourcesBuildPhase section */
		BEFF40EF289BB1A500E300EB /* Resources */ = {
			isa = PBXResourcesBuildPhase;
			buildActionMask = 2147483647;
			files = (
				BEFF4125289BC66600E300EB /* BakeryInfoMaster.storyboard in Resources */,
				BEFF4101289BB1A600E300EB /* LaunchScreen.storyboard in Resources */,
				BEFF4133289BCA0700E300EB /* MasterAdd.storyboard in Resources */,
				BEFF40FE289BB1A600E300EB /* Assets.xcassets in Resources */,
				BEFF4120289BC5BE00E300EB /* BakerInfo.storyboard in Resources */,
				BEFF410F289BB4A700E300EB /* MapStoryboard.storyboard in Resources */,
				BEFF411B289BC49800E300EB /* BakeryTableViewCell.xib in Resources */,
				BEFF40FC289BB1A500E300EB /* Main.storyboard in Resources */,
				BEFF412F289BC9DA00E300EB /* MasterEdit.storyboard in Resources */,
				BEFF4117289BC43A00E300EB /* BakeryListStoryboard.storyboard in Resources */,
			);
			runOnlyForDeploymentPostprocessing = 0;
		};
/* End PBXResourcesBuildPhase section */

/* Begin PBXSourcesBuildPhase section */
		BEFF40ED289BB1A500E300EB /* Sources */ = {
			isa = PBXSourcesBuildPhase;
			buildActionMask = 2147483647;
			files = (
				BEFF4109289BB2CB00E300EB /* SignInViewController.swift in Sources */,
				BEFF4113289BB51100E300EB /* MapViewController.swift in Sources */,
				BEFF412D289BC9D000E300EB /* MasterEditViewController.swift in Sources */,
				BEFF40F5289BB1A500E300EB /* AppDelegate.swift in Sources */,
				BEFF410B289BB3A800E300EB /* LogInViewController.swift in Sources */,
				BEFF4127289BC98000E300EB /* BakeryInfoMasterViewController.swift in Sources */,
				BEFF411D289BC59200E300EB /* BakeryInfoViewController.swift in Sources */,
				BEFF410D289BB3DC00E300EB /* StartingViewController.swift in Sources */,
				BEFF4131289BCA0100E300EB /* MasterAddViewController.swift in Sources */,
				BEFF411A289BC49800E300EB /* BakeryTableViewCell.swift in Sources */,
				BEFF40F7289BB1A500E300EB /* SceneDelegate.swift in Sources */,
				BEFF4115289BC41E00E300EB /* BakeryListViewController.swift in Sources */,
			);
			runOnlyForDeploymentPostprocessing = 0;
		};
/* End PBXSourcesBuildPhase section */

/* Begin PBXVariantGroup section */
		BEFF40FA289BB1A500E300EB /* Main.storyboard */ = {
			isa = PBXVariantGroup;
			children = (
				BEFF40FB289BB1A500E300EB /* Base */,
			);
			name = Main.storyboard;
			sourceTree = "<group>";
		};
		BEFF40FF289BB1A600E300EB /* LaunchScreen.storyboard */ = {
			isa = PBXVariantGroup;
			children = (
				BEFF4100289BB1A600E300EB /* Base */,
			);
			name = LaunchScreen.storyboard;
			sourceTree = "<group>";
		};
/* End PBXVariantGroup section */

/* Begin XCBuildConfiguration section */
		BEFF4103289BB1A600E300EB /* Debug */ = {
			isa = XCBuildConfiguration;
			buildSettings = {
				ALWAYS_SEARCH_USER_PATHS = NO;
				CLANG_ANALYZER_NONNULL = YES;
				CLANG_ANALYZER_NUMBER_OBJECT_CONVERSION = YES_AGGRESSIVE;
				CLANG_CXX_LANGUAGE_STANDARD = "gnu++17";
				CLANG_ENABLE_MODULES = YES;
				CLANG_ENABLE_OBJC_ARC = YES;
				CLANG_ENABLE_OBJC_WEAK = YES;
				CLANG_WARN_BLOCK_CAPTURE_AUTORELEASING = YES;
				CLANG_WARN_BOOL_CONVERSION = YES;
				CLANG_WARN_COMMA = YES;
				CLANG_WARN_CONSTANT_CONVERSION = YES;
				CLANG_WARN_DEPRECATED_OBJC_IMPLEMENTATIONS = YES;
				CLANG_WARN_DIRECT_OBJC_ISA_USAGE = YES_ERROR;
				CLANG_WARN_DOCUMENTATION_COMMENTS = YES;
				CLANG_WARN_EMPTY_BODY = YES;
				CLANG_WARN_ENUM_CONVERSION = YES;
				CLANG_WARN_INFINITE_RECURSION = YES;
				CLANG_WARN_INT_CONVERSION = YES;
				CLANG_WARN_NON_LITERAL_NULL_CONVERSION = YES;
				CLANG_WARN_OBJC_IMPLICIT_RETAIN_SELF = YES;
				CLANG_WARN_OBJC_LITERAL_CONVERSION = YES;
				CLANG_WARN_OBJC_ROOT_CLASS = YES_ERROR;
				CLANG_WARN_QUOTED_INCLUDE_IN_FRAMEWORK_HEADER = YES;
				CLANG_WARN_RANGE_LOOP_ANALYSIS = YES;
				CLANG_WARN_STRICT_PROTOTYPES = YES;
				CLANG_WARN_SUSPICIOUS_MOVE = YES;
				CLANG_WARN_UNGUARDED_AVAILABILITY = YES_AGGRESSIVE;
				CLANG_WARN_UNREACHABLE_CODE = YES;
				CLANG_WARN__DUPLICATE_METHOD_MATCH = YES;
				COPY_PHASE_STRIP = NO;
				DEBUG_INFORMATION_FORMAT = dwarf;
				ENABLE_STRICT_OBJC_MSGSEND = YES;
				ENABLE_TESTABILITY = YES;
				GCC_C_LANGUAGE_STANDARD = gnu11;
				GCC_DYNAMIC_NO_PIC = NO;
				GCC_NO_COMMON_BLOCKS = YES;
				GCC_OPTIMIZATION_LEVEL = 0;
				GCC_PREPROCESSOR_DEFINITIONS = (
					"DEBUG=1",
					"$(inherited)",
				);
				GCC_WARN_64_TO_32_BIT_CONVERSION = YES;
				GCC_WARN_ABOUT_RETURN_TYPE = YES_ERROR;
				GCC_WARN_UNDECLARED_SELECTOR = YES;
				GCC_WARN_UNINITIALIZED_AUTOS = YES_AGGRESSIVE;
				GCC_WARN_UNUSED_FUNCTION = YES;
				GCC_WARN_UNUSED_VARIABLE = YES;
				IPHONEOS_DEPLOYMENT_TARGET = 15.5;
				MTL_ENABLE_DEBUG_INFO = INCLUDE_SOURCE;
				MTL_FAST_MATH = YES;
				ONLY_ACTIVE_ARCH = YES;
				SDKROOT = iphoneos;
				SWIFT_ACTIVE_COMPILATION_CONDITIONS = DEBUG;
				SWIFT_OPTIMIZATION_LEVEL = "-Onone";
			};
			name = Debug;
		};
		BEFF4104289BB1A600E300EB /* Release */ = {
			isa = XCBuildConfiguration;
			buildSettings = {
				ALWAYS_SEARCH_USER_PATHS = NO;
				CLANG_ANALYZER_NONNULL = YES;
				CLANG_ANALYZER_NUMBER_OBJECT_CONVERSION = YES_AGGRESSIVE;
				CLANG_CXX_LANGUAGE_STANDARD = "gnu++17";
				CLANG_ENABLE_MODULES = YES;
				CLANG_ENABLE_OBJC_ARC = YES;
				CLANG_ENABLE_OBJC_WEAK = YES;
				CLANG_WARN_BLOCK_CAPTURE_AUTORELEASING = YES;
				CLANG_WARN_BOOL_CONVERSION = YES;
				CLANG_WARN_COMMA = YES;
				CLANG_WARN_CONSTANT_CONVERSION = YES;
				CLANG_WARN_DEPRECATED_OBJC_IMPLEMENTATIONS = YES;
				CLANG_WARN_DIRECT_OBJC_ISA_USAGE = YES_ERROR;
				CLANG_WARN_DOCUMENTATION_COMMENTS = YES;
				CLANG_WARN_EMPTY_BODY = YES;
				CLANG_WARN_ENUM_CONVERSION = YES;
				CLANG_WARN_INFINITE_RECURSION = YES;
				CLANG_WARN_INT_CONVERSION = YES;
				CLANG_WARN_NON_LITERAL_NULL_CONVERSION = YES;
				CLANG_WARN_OBJC_IMPLICIT_RETAIN_SELF = YES;
				CLANG_WARN_OBJC_LITERAL_CONVERSION = YES;
				CLANG_WARN_OBJC_ROOT_CLASS = YES_ERROR;
				CLANG_WARN_QUOTED_INCLUDE_IN_FRAMEWORK_HEADER = YES;
				CLANG_WARN_RANGE_LOOP_ANALYSIS = YES;
				CLANG_WARN_STRICT_PROTOTYPES = YES;
				CLANG_WARN_SUSPICIOUS_MOVE = YES;
				CLANG_WARN_UNGUARDED_AVAILABILITY = YES_AGGRESSIVE;
				CLANG_WARN_UNREACHABLE_CODE = YES;
				CLANG_WARN__DUPLICATE_METHOD_MATCH = YES;
				COPY_PHASE_STRIP = NO;
				DEBUG_INFORMATION_FORMAT = "dwarf-with-dsym";
				ENABLE_NS_ASSERTIONS = NO;
				ENABLE_STRICT_OBJC_MSGSEND = YES;
				GCC_C_LANGUAGE_STANDARD = gnu11;
				GCC_NO_COMMON_BLOCKS = YES;
				GCC_WARN_64_TO_32_BIT_CONVERSION = YES;
				GCC_WARN_ABOUT_RETURN_TYPE = YES_ERROR;
				GCC_WARN_UNDECLARED_SELECTOR = YES;
				GCC_WARN_UNINITIALIZED_AUTOS = YES_AGGRESSIVE;
				GCC_WARN_UNUSED_FUNCTION = YES;
				GCC_WARN_UNUSED_VARIABLE = YES;
				IPHONEOS_DEPLOYMENT_TARGET = 15.5;
				MTL_ENABLE_DEBUG_INFO = NO;
				MTL_FAST_MATH = YES;
				SDKROOT = iphoneos;
				SWIFT_COMPILATION_MODE = wholemodule;
				SWIFT_OPTIMIZATION_LEVEL = "-O";
				VALIDATE_PRODUCT = YES;
			};
			name = Release;
		};
		BEFF4106289BB1A600E300EB /* Debug */ = {
			isa = XCBuildConfiguration;
			buildSettings = {
				ASSETCATALOG_COMPILER_APPICON_NAME = AppIcon;
				ASSETCATALOG_COMPILER_GLOBAL_ACCENT_COLOR_NAME = AccentColor;
				CODE_SIGN_STYLE = Automatic;
				CURRENT_PROJECT_VERSION = 1;
				GENERATE_INFOPLIST_FILE = YES;
				INFOPLIST_FILE = BBANG0_IOS_Study/Info.plist;
				INFOPLIST_KEY_UIApplicationSupportsIndirectInputEvents = YES;
				INFOPLIST_KEY_UILaunchStoryboardName = LaunchScreen;
				INFOPLIST_KEY_UIMainStoryboardFile = Main;
				INFOPLIST_KEY_UISupportedInterfaceOrientations_iPad = "UIInterfaceOrientationPortrait UIInterfaceOrientationPortraitUpsideDown UIInterfaceOrientationLandscapeLeft UIInterfaceOrientationLandscapeRight";
				INFOPLIST_KEY_UISupportedInterfaceOrientations_iPhone = "UIInterfaceOrientationPortrait UIInterfaceOrientationLandscapeLeft UIInterfaceOrientationLandscapeRight";
				LD_RUNPATH_SEARCH_PATHS = (
					"$(inherited)",
					"@executable_path/Frameworks",
				);
				MARKETING_VERSION = 1.0;
				PRODUCT_BUNDLE_IDENTIFIER = "com.minsop.BBANG0-IOS-Study";
				PRODUCT_NAME = "$(TARGET_NAME)";
				SWIFT_EMIT_LOC_STRINGS = YES;
				SWIFT_VERSION = 5.0;
				TARGETED_DEVICE_FAMILY = "1,2";
			};
			name = Debug;
		};
		BEFF4107289BB1A600E300EB /* Release */ = {
			isa = XCBuildConfiguration;
			buildSettings = {
				ASSETCATALOG_COMPILER_APPICON_NAME = AppIcon;
				ASSETCATALOG_COMPILER_GLOBAL_ACCENT_COLOR_NAME = AccentColor;
				CODE_SIGN_STYLE = Automatic;
				CURRENT_PROJECT_VERSION = 1;
				GENERATE_INFOPLIST_FILE = YES;
				INFOPLIST_FILE = BBANG0_IOS_Study/Info.plist;
				INFOPLIST_KEY_UIApplicationSupportsIndirectInputEvents = YES;
				INFOPLIST_KEY_UILaunchStoryboardName = LaunchScreen;
				INFOPLIST_KEY_UIMainStoryboardFile = Main;
				INFOPLIST_KEY_UISupportedInterfaceOrientations_iPad = "UIInterfaceOrientationPortrait UIInterfaceOrientationPortraitUpsideDown UIInterfaceOrientationLandscapeLeft UIInterfaceOrientationLandscapeRight";
				INFOPLIST_KEY_UISupportedInterfaceOrientations_iPhone = "UIInterfaceOrientationPortrait UIInterfaceOrientationLandscapeLeft UIInterfaceOrientationLandscapeRight";
				LD_RUNPATH_SEARCH_PATHS = (
					"$(inherited)",
					"@executable_path/Frameworks",
				);
				MARKETING_VERSION = 1.0;
				PRODUCT_BUNDLE_IDENTIFIER = "com.minsop.BBANG0-IOS-Study";
				PRODUCT_NAME = "$(TARGET_NAME)";
				SWIFT_EMIT_LOC_STRINGS = YES;
				SWIFT_VERSION = 5.0;
				TARGETED_DEVICE_FAMILY = "1,2";
			};
			name = Release;
		};
/* End XCBuildConfiguration section */

/* Begin XCConfigurationList section */
		BEFF40EC289BB1A500E300EB /* Build configuration list for PBXProject "BBANG0_IOS_Study" */ = {
			isa = XCConfigurationList;
			buildConfigurations = (
				BEFF4103289BB1A600E300EB /* Debug */,
				BEFF4104289BB1A600E300EB /* Release */,
			);
			defaultConfigurationIsVisible = 0;
			defaultConfigurationName = Release;
		};
		BEFF4105289BB1A600E300EB /* Build configuration list for PBXNativeTarget "BBANG0_IOS_Study" */ = {
			isa = XCConfigurationList;
			buildConfigurations = (
				BEFF4106289BB1A600E300EB /* Debug */,
				BEFF4107289BB1A600E300EB /* Release */,
			);
			defaultConfigurationIsVisible = 0;
			defaultConfigurationName = Release;
		};
/* End XCConfigurationList section */
	};
	rootObject = BEFF40E9289BB1A500E300EB /* Project object */;
}
